
Microsoft Visual Studio Solution File, Format Version 12.00
# Visual Studio Version 17
VisualStudioVersion = 17.3.32922.545
MinimumVisualStudioVersion = 10.0.40219.1
Project("{FAE04EC0-301F-11D3-BF4B-00C04F79EFBC}") = "WebAPI", "WebAPI\WebAPI.csproj", "{C23B648B-A888-45EE-A579-648A494C0F15}"
EndProject
Project("{FAE04EC0-301F-11D3-BF4B-00C04F79EFBC}") = "Malan_Andrei_Lab11", "Malan_Andrei_Lab11\Malan_Andrei_Lab11.csproj", "{4DA9BDD3-463A-455A-94A9-EBAABA7E020D}"
EndProject
Global
	GlobalSection(SolutionConfigurationPlatforms) = preSolution
		Debug|Any CPU = Debug|Any CPU
		Release|Any CPU = Release|Any CPU
	EndGlobalSection
	GlobalSection(ProjectConfigurationPlatforms) = postSolution
		{C23B648B-A888-45EE-A579-648A494C0F15}.Debug|Any CPU.ActiveCfg = Debug|Any CPU
		{C23B648B-A888-45EE-A579-648A494C0F15}.Debug|Any CPU.Build.0 = Debug|Any CPU
		{C23B648B-A888-45EE-A579-648A494C0F15}.Release|Any CPU.ActiveCfg = Release|Any CPU
		{C23B648B-A888-45EE-A579-648A494C0F15}.Release|Any CPU.Build.0 = Release|Any CPU
		{4DA9BDD3-463A-455A-94A9-EBAABA7E020D}.Debug|Any CPU.ActiveCfg = Debug|Any CPU
		{4DA9BDD3-463A-455A-94A9-EBAABA7E020D}.Debug|Any CPU.Build.0 = Debug|Any CPU
		{4DA9BDD3-463A-455A-94A9-EBAABA7E020D}.Debug|Any CPU.Deploy.0 = Debug|Any CPU
		{4DA9BDD3-463A-455A-94A9-EBAABA7E020D}.Release|Any CPU.ActiveCfg = Release|Any CPU
		{4DA9BDD3-463A-455A-94A9-EBAABA7E020D}.Release|Any CPU.Build.0 = Release|Any CPU
		{4DA9BDD3-463A-455A-94A9-EBAABA7E020D}.Release|Any CPU.Deploy.0 = Release|Any CPU
	EndGlobalSection
	GlobalSection(SolutionProperties) = preSolution
		HideSolutionNode = FALSE
	EndGlobalSection
	GlobalSection(ExtensibilityGlobals) = postSolution
		SolutionGuid = {4285F049-30B8-4B01-B29B-B8355974C164}
	EndGlobalSection
EndGlobal
